
Microsoft Visual Studio Solution File, Format Version 12.00
# Visual Studio Version 16
VisualStudioVersion = 16.0.32929.386
MinimumVisualStudioVersion = 10.0.40219.1
Project("{FAE04EC0-301F-11D3-BF4B-00C04F79EFBC}") = "Windows_Cores", "Windows_Cores.csproj", "{7B1F90F4-1D62-4BCD-BBF5-0A25906F11CC}"
EndProject
Global
	GlobalSection(SolutionConfigurationPlatforms) = preSolution
		Debug|Any CPU = Debug|Any CPU
		Release|Any CPU = Release|Any CPU
	EndGlobalSection
	GlobalSection(ProjectConfigurationPlatforms) = postSolution
		{7B1F90F4-1D62-4BCD-BBF5-0A25906F11CC}.Debug|Any CPU.ActiveCfg = Debug|Any CPU
		{7B1F90F4-1D62-4BCD-BBF5-0A25906F11CC}.Debug|Any CPU.Build.0 = Debug|Any CPU
		{7B1F90F4-1D62-4BCD-BBF5-0A25906F11CC}.Release|Any CPU.ActiveCfg = Release|Any CPU
		{7B1F90F4-1D62-4BCD-BBF5-0A25906F11CC}.Release|Any CPU.Build.0 = Release|Any CPU
	EndGlobalSection
	GlobalSection(SolutionProperties) = preSolution
		HideSolutionNode = FALSE
	EndGlobalSection
	GlobalSection(ExtensibilityGlobals) = postSolution
		SolutionGuid = {F7F71D55-02F3-4672-A991-D4ABE161DBCD}
	EndGlobalSection
EndGlobal
